
Microsoft Visual Studio Solution File, Format Version 12.00
# Visual Studio Version 17
VisualStudioVersion = 17.12.35506.116 d17.12
MinimumVisualStudioVersion = 10.0.40219.1
Project("{FAE04EC0-301F-11D3-BF4B-00C04F79EFBC}") = "Ciurca_Radu_Lab10", "Ciurca_Radu_Lab10.csproj", "{526B22C0-DDFE-409A-89B9-41650BDFFDFE}"
EndProject
Project("{FAE04EC0-301F-11D3-BF4B-00C04F79EFBC}") = "gRPCClient", "gRPCClient\gRPCClient.csproj", "{CA8D5050-184F-40CD-9510-8955D896C8EC}"
EndProject
Global
	GlobalSection(SolutionConfigurationPlatforms) = preSolution
		Debug|Any CPU = Debug|Any CPU
		Release|Any CPU = Release|Any CPU
	EndGlobalSection
	GlobalSection(ProjectConfigurationPlatforms) = postSolution
		{526B22C0-DDFE-409A-89B9-41650BDFFDFE}.Debug|Any CPU.ActiveCfg = Debug|Any CPU
		{526B22C0-DDFE-409A-89B9-41650BDFFDFE}.Debug|Any CPU.Build.0 = Debug|Any CPU
		{526B22C0-DDFE-409A-89B9-41650BDFFDFE}.Release|Any CPU.ActiveCfg = Release|Any CPU
		{526B22C0-DDFE-409A-89B9-41650BDFFDFE}.Release|Any CPU.Build.0 = Release|Any CPU
		{CA8D5050-184F-40CD-9510-8955D896C8EC}.Debug|Any CPU.ActiveCfg = Debug|Any CPU
		{CA8D5050-184F-40CD-9510-8955D896C8EC}.Debug|Any CPU.Build.0 = Debug|Any CPU
		{CA8D5050-184F-40CD-9510-8955D896C8EC}.Release|Any CPU.ActiveCfg = Release|Any CPU
		{CA8D5050-184F-40CD-9510-8955D896C8EC}.Release|Any CPU.Build.0 = Release|Any CPU
	EndGlobalSection
	GlobalSection(SolutionProperties) = preSolution
		HideSolutionNode = FALSE
	EndGlobalSection
EndGlobal
